
Microsoft Visual Studio Solution File, Format Version 12.00
# Visual Studio 14
VisualStudioVersion = 14.0.25420.1
MinimumVisualStudioVersion = 10.0.40219.1
Project("{FAE04EC0-301F-11D3-BF4B-00C04F79EFBC}") = "Ch06_PacktLibrary", "Ch06_PacktLibrary\Ch06_PacktLibrary.csproj", "{15E29727-D72A-447A-818A-59CFA7D55AB0}"
EndProject
Project("{FAE04EC0-301F-11D3-BF4B-00C04F79EFBC}") = "Ch06_PeopleApp", "Ch06_PeopleApp\Ch06_PeopleApp.csproj", "{6A5B0492-F5C3-4ABF-9E07-71A1BC7A1BDE}"
EndProject
Global
	GlobalSection(SolutionConfigurationPlatforms) = preSolution
		Debug|Any CPU = Debug|Any CPU
		Release|Any CPU = Release|Any CPU
	EndGlobalSection
	GlobalSection(ProjectConfigurationPlatforms) = postSolution
		{15E29727-D72A-447A-818A-59CFA7D55AB0}.Debug|Any CPU.ActiveCfg = Debug|Any CPU
		{15E29727-D72A-447A-818A-59CFA7D55AB0}.Debug|Any CPU.Build.0 = Debug|Any CPU
		{15E29727-D72A-447A-818A-59CFA7D55AB0}.Release|Any CPU.ActiveCfg = Release|Any CPU
		{15E29727-D72A-447A-818A-59CFA7D55AB0}.Release|Any CPU.Build.0 = Release|Any CPU
		{6A5B0492-F5C3-4ABF-9E07-71A1BC7A1BDE}.Debug|Any CPU.ActiveCfg = Debug|Any CPU
		{6A5B0492-F5C3-4ABF-9E07-71A1BC7A1BDE}.Debug|Any CPU.Build.0 = Debug|Any CPU
		{6A5B0492-F5C3-4ABF-9E07-71A1BC7A1BDE}.Release|Any CPU.ActiveCfg = Release|Any CPU
		{6A5B0492-F5C3-4ABF-9E07-71A1BC7A1BDE}.Release|Any CPU.Build.0 = Release|Any CPU
	EndGlobalSection
	GlobalSection(SolutionProperties) = preSolution
		HideSolutionNode = FALSE
	EndGlobalSection
EndGlobal
